PODS:
  - AFNetworking (1.2.1)
  - GHUnitIOS (0.5.6)
  - JRSwizzle (1.0)
  - libextobjc/EXTConcreteProtocol (0.2.5):
    - libextobjc/RuntimeExtensions
  - libextobjc/EXTKeyPathCoding (0.2.5):
    - libextobjc/RuntimeExtensions
  - libextobjc/EXTScope (0.2.5):
    - libextobjc/RuntimeExtensions
  - libextobjc/RuntimeExtensions (0.2.5)
  - OCMock (2.0.1)
  - ReactiveCocoa (1.3.1):
    - ReactiveCocoa/Core
    - ReactiveCocoa/RACExtensions
  - ReactiveCocoa/Core (1.3.1):
    - JRSwizzle (~> 1.0)
    - libextobjc/EXTConcreteProtocol (~> 0.2.5)
    - libextobjc/EXTKeyPathCoding (~> 0.2.5)
    - libextobjc/EXTScope (~> 0.2.5)
  - ReactiveCocoa/RACExtensions (1.3.1):
    - ReactiveCocoa/Core

DEPENDENCIES:
  - AFNetworking (~> 1.2.1)
  - GHUnitIOS (~> 0.5.6)
  - OCMock (~> 2.0.1)
  - ReactiveCocoa (~> 1.3.1)

SPEC CHECKSUMS:
  AFNetworking: a44069e3c9c89867544f6639482f155c7e5f9b41
  GHUnitIOS: bf149b2c44084eee2785ce4ac3675c3a699e509d
  JRSwizzle: 6242ff38485d870fc2636899048ee1ab883ae587
  libextobjc: 2cbc74caf8bdc74a86fdf24673f773c83424ea98
  OCMock: 77a9c4c57af6bf258a537d34cf09abf422affede
  ReactiveCocoa: c4749c6995c65a7decf46bd4a0cff1da86724e50

COCOAPODS: 0.19.1
